{
  "name": "assignment_async_nodejs",
  "version": "1.0.0",
  "lockfileVersion": 1,
  "requires": true,
  "dependencies": {
    "delayed": {
      "version": "1.0.1",
      "resolved": "https://registry.npmjs.org/delayed/-/delayed-1.0.1.tgz",
      "integrity": "sha1-bMxRL1Mjbt8SSg/GYKA7G8bSEwY="
    }
  }
}
